
Microsoft Visual Studio Solution File, Format Version 12.00
# Visual Studio Version 17
VisualStudioVersion = 17.0.31903.59
MinimumVisualStudioVersion = 10.0.40219.1
Project("{FAE04EC0-301F-11D3-BF4B-00C04F79EFBC}") = "TripServiceKata", "src\TripServiceKata\TripServiceKata.csproj", "{7DEB2F7F-7B88-4427-A4C5-D252134B0848}"
EndProject
Project("{FAE04EC0-301F-11D3-BF4B-00C04F79EFBC}") = "TripServiceKata.Tests", "tests\TripServiceKata.Tests\TripServiceKata.Tests.csproj", "{FA8433F4-406E-463A-802F-254DC612947E}"
EndProject
Project("{2150E333-8FDC-42A3-9474-1A3956D46DE8}") = "src", "src", "{A211A367-204D-4F09-9FA2-4FD7C0905184}"
EndProject
Project("{2150E333-8FDC-42A3-9474-1A3956D46DE8}") = "tests", "tests", "{09B0BEDA-2D2F-4A4B-9D74-CADC1B564F3E}"
EndProject
Project("{2150E333-8FDC-42A3-9474-1A3956D46DE8}") = "Solution Items", "Solution Items", "{0BD27520-AEEC-4849-90C3-32AECA7D74D5}"
	ProjectSection(SolutionItems) = preProject
		.gitignore = .gitignore
		..\..\README.md = ..\..\README.md
	EndProjectSection
EndProject
Global
	GlobalSection(SolutionConfigurationPlatforms) = preSolution
		Debug|Any CPU = Debug|Any CPU
		Release|Any CPU = Release|Any CPU
	EndGlobalSection
	GlobalSection(ProjectConfigurationPlatforms) = postSolution
		{7DEB2F7F-7B88-4427-A4C5-D252134B0848}.Debug|Any CPU.ActiveCfg = Debug|Any CPU
		{7DEB2F7F-7B88-4427-A4C5-D252134B0848}.Debug|Any CPU.Build.0 = Debug|Any CPU
		{7DEB2F7F-7B88-4427-A4C5-D252134B0848}.Release|Any CPU.ActiveCfg = Release|Any CPU
		{7DEB2F7F-7B88-4427-A4C5-D252134B0848}.Release|Any CPU.Build.0 = Release|Any CPU
		{FA8433F4-406E-463A-802F-254DC612947E}.Debug|Any CPU.ActiveCfg = Debug|Any CPU
		{FA8433F4-406E-463A-802F-254DC612947E}.Debug|Any CPU.Build.0 = Debug|Any CPU
		{FA8433F4-406E-463A-802F-254DC612947E}.Release|Any CPU.ActiveCfg = Release|Any CPU
		{FA8433F4-406E-463A-802F-254DC612947E}.Release|Any CPU.Build.0 = Release|Any CPU
	EndGlobalSection
	GlobalSection(SolutionProperties) = preSolution
		HideSolutionNode = FALSE
	EndGlobalSection
	GlobalSection(NestedProjects) = preSolution
		{7DEB2F7F-7B88-4427-A4C5-D252134B0848} = {A211A367-204D-4F09-9FA2-4FD7C0905184}
		{FA8433F4-406E-463A-802F-254DC612947E} = {09B0BEDA-2D2F-4A4B-9D74-CADC1B564F3E}
	EndGlobalSection
	GlobalSection(ExtensibilityGlobals) = postSolution
		SolutionGuid = {9A1A08F8-4A54-4B4D-A5A9-E6C2E8D9A004}
	EndGlobalSection
EndGlobal
